# Generated by pub
# See https://dart.dev/tools/pub/glossary#lockfile
packages:
  very_good_analysis:
    dependency: "direct dev"
    description:
      name: very_good_analysis
      sha256: "62d2b86d183fb81b2edc22913d9f155d26eb5cf3855173adb1f59fac85035c63"
      url: "https://pub.dev"
    source: hosted
    version: "7.0.0"
sdks:
  dart: ">=3.7.0 <4.0.0"
