# Generated by pub
# See https://dart.dev/tools/pub/glossary#lockfile
packages:
  very_good_analysis:
    dependency: "direct dev"
    description:
      name: very_good_analysis
      sha256: "1fb637c0022034b1f19ea2acb42a3603cbd8314a470646a59a2fb01f5f3a8629"
      url: "https://pub.dev"
    source: hosted
    version: "6.0.0"
sdks:
  dart: ">=3.5.0 <4.0.0"
